{
  "requires": true,
  "lockfileVersion": 1,
  "dependencies": {
    "ngx-bootstrap": {
      "version": "3.1.4",
      "resolved": "https://registry.npmjs.org/ngx-bootstrap/-/ngx-bootstrap-3.1.4.tgz",
      "integrity": "sha512-dHMX6Yv0ahwvjvMFo2wQ2Mbe4vcUTEcao0jmVKenchmaZjDGWsJ2xvRgEDKgAA9bNR0RI5gqQNzICmSf2MC1DA=="
    }
  }
}
